
Microsoft Visual Studio Solution File, Format Version 12.00
# Visual Studio 15
VisualStudioVersion = 15.0.26730.16
MinimumVisualStudioVersion = 10.0.40219.1
Project("{FAE04EC0-301F-11D3-BF4B-00C04F79EFBC}") = "B4.PE2.OmedMilat.Android", "B4.PE2.OmedMilat\B4.PE2.OmedMilat.Android\B4.PE2.OmedMilat.Android.csproj", "{ACDD75CF-DABE-4DA5-AFE3-44CE91BFB263}"
EndProject
Project("{FAE04EC0-301F-11D3-BF4B-00C04F79EFBC}") = "B4.PE2.OmedMilat", "B4.PE2.OmedMilat\B4.PE2.OmedMilat\B4.PE2.OmedMilat.csproj", "{FA47C8C6-E6F0-4862-8C50-6BDFC66E655D}"
EndProject
Project("{FAE04EC0-301F-11D3-BF4B-00C04F79EFBC}") = "B4.PE2.OmedMilat.UWP", "B4.PE2.OmedMilat\B4.PE2.OmedMilat.UWP\B4.PE2.OmedMilat.UWP.csproj", "{C60B4CB3-31D2-4ABE-BFDD-7221A1010D47}"
EndProject
Project("{FAE04EC0-301F-11D3-BF4B-00C04F79EFBC}") = "B4.PE2.OmedMilat.iOS", "B4.PE2.OmedMilat\B4.PE2.OmedMilat.iOS\B4.PE2.OmedMilat.iOS.csproj", "{22E45A54-5DE0-40E6-93DE-81A94FEB9C41}"
EndProject
Global
	GlobalSection(SolutionConfigurationPlatforms) = preSolution
		Ad-Hoc|Any CPU = Ad-Hoc|Any CPU
		Ad-Hoc|ARM = Ad-Hoc|ARM
		Ad-Hoc|iPhone = Ad-Hoc|iPhone
		Ad-Hoc|iPhoneSimulator = Ad-Hoc|iPhoneSimulator
		Ad-Hoc|x64 = Ad-Hoc|x64
		Ad-Hoc|x86 = Ad-Hoc|x86
		AppStore|Any CPU = AppStore|Any CPU
		AppStore|ARM = AppStore|ARM
		AppStore|iPhone = AppStore|iPhone
		AppStore|iPhoneSimulator = AppStore|iPhoneSimulator
		AppStore|x64 = AppStore|x64
		AppStore|x86 = AppStore|x86
		Debug|Any CPU = Debug|Any CPU
		Debug|ARM = Debug|ARM
		Debug|iPhone = Debug|iPhone
		Debug|iPhoneSimulator = Debug|iPhoneSimulator
		Debug|x64 = Debug|x64
		Debug|x86 = Debug|x86
		Release|Any CPU = Release|Any CPU
		Release|ARM = Release|ARM
		Release|iPhone = Release|iPhone
		Release|iPhoneSimulator = Release|iPhoneSimulator
		Release|x64 = Release|x64
		Release|x86 = Release|x86
	EndGlobalSection
	GlobalSection(ProjectConfigurationPlatforms) = postSolution
		{ACDD75CF-DABE-4DA5-AFE3-44CE91BFB263}.Ad-Hoc|Any CPU.ActiveCfg = Release|Any CPU
		{ACDD75CF-DABE-4DA5-AFE3-44CE91BFB263}.Ad-Hoc|Any CPU.Build.0 = Release|Any CPU
		{ACDD75CF-DABE-4DA5-AFE3-44CE91BFB263}.Ad-Hoc|Any CPU.Deploy.0 = Release|Any CPU
		{ACDD75CF-DABE-4DA5-AFE3-44CE91BFB263}.Ad-Hoc|ARM.ActiveCfg = Release|Any CPU
		{ACDD75CF-DABE-4DA5-AFE3-44CE91BFB263}.Ad-Hoc|ARM.Build.0 = Release|Any CPU
		{ACDD75CF-DABE-4DA5-AFE3-44CE91BFB263}.Ad-Hoc|ARM.Deploy.0 = Release|Any CPU
		{ACDD75CF-DABE-4DA5-AFE3-44CE91BFB263}.Ad-Hoc|iPhone.ActiveCfg = Release|Any CPU
		{ACDD75CF-DABE-4DA5-AFE3-44CE91BFB263}.Ad-Hoc|iPhone.Build.0 = Release|Any CPU
		{ACDD75CF-DABE-4DA5-AFE3-44CE91BFB263}.Ad-Hoc|iPhone.Deploy.0 = Release|Any CPU
		{ACDD75CF-DABE-4DA5-AFE3-44CE91BFB263}.Ad-Hoc|iPhoneSimulator.ActiveCfg = Release|Any CPU
		{ACDD75CF-DABE-4DA5-AFE3-44CE91BFB263}.Ad-Hoc|iPhoneSimulator.Build.0 = Release|Any CPU
		{ACDD75CF-DABE-4DA5-AFE3-44CE91BFB263}.Ad-Hoc|iPhoneSimulator.Deploy.0 = Release|Any CPU
		{ACDD75CF-DABE-4DA5-AFE3-44CE91BFB263}.Ad-Hoc|x64.ActiveCfg = Release|Any CPU
		{ACDD75CF-DABE-4DA5-AFE3-44CE91BFB263}.Ad-Hoc|x64.Build.0 = Release|Any CPU
		{ACDD75CF-DABE-4DA5-AFE3-44CE91BFB263}.Ad-Hoc|x64.Deploy.0 = Release|Any CPU
		{ACDD75CF-DABE-4DA5-AFE3-44CE91BFB263}.Ad-Hoc|x86.ActiveCfg = Release|Any CPU
		{ACDD75CF-DABE-4DA5-AFE3-44CE91BFB263}.Ad-Hoc|x86.Build.0 = Release|Any CPU
		{ACDD75CF-DABE-4DA5-AFE3-44CE91BFB263}.Ad-Hoc|x86.Deploy.0 = Release|Any CPU
		{ACDD75CF-DABE-4DA5-AFE3-44CE91BFB263}.AppStore|Any CPU.ActiveCfg = Release|Any CPU
		{ACDD75CF-DABE-4DA5-AFE3-44CE91BFB263}.AppStore|Any CPU.Build.0 = Release|Any CPU
		{ACDD75CF-DABE-4DA5-AFE3-44CE91BFB263}.AppStore|Any CPU.Deploy.0 = Release|Any CPU
		{ACDD75CF-DABE-4DA5-AFE3-44CE91BFB263}.AppStore|ARM.ActiveCfg = Release|Any CPU
		{ACDD75CF-DABE-4DA5-AFE3-44CE91BFB263}.AppStore|ARM.Build.0 = Release|Any CPU
		{ACDD75CF-DABE-4DA5-AFE3-44CE91BFB263}.AppStore|ARM.Deploy.0 = Release|Any CPU
		{ACDD75CF-DABE-4DA5-AFE3-44CE91BFB263}.AppStore|iPhone.ActiveCfg = Release|Any CPU
		{ACDD75CF-DABE-4DA5-AFE3-44CE91BFB263}.AppStore|iPhone.Build.0 = Release|Any CPU
		{ACDD75CF-DABE-4DA5-AFE3-44CE91BFB263}.AppStore|iPhone.Deploy.0 = Release|Any CPU
		{ACDD75CF-DABE-4DA5-AFE3-44CE91BFB263}.AppStore|iPhoneSimulator.ActiveCfg = Release|Any CPU
		{ACDD75CF-DABE-4DA5-AFE3-44CE91BFB263}.AppStore|iPhoneSimulator.Build.0 = Release|Any CPU
		{ACDD75CF-DABE-4DA5-AFE3-44CE91BFB263}.AppStore|iPhoneSimulator.Deploy.0 = Release|Any CPU
		{ACDD75CF-DABE-4DA5-AFE3-44CE91BFB263}.AppStore|x64.ActiveCfg = Release|Any CPU
		{ACDD75CF-DABE-4DA5-AFE3-44CE91BFB263}.AppStore|x64.Build.0 = Release|Any CPU
		{ACDD75CF-DABE-4DA5-AFE3-44CE91BFB263}.AppStore|x64.Deploy.0 = Release|Any CPU
		{ACDD75CF-DABE-4DA5-AFE3-44CE91BFB263}.AppStore|x86.ActiveCfg = Release|Any CPU
		{ACDD75CF-DABE-4DA5-AFE3-44CE91BFB263}.AppStore|x86.Build.0 = Release|Any CPU
		{ACDD75CF-DABE-4DA5-AFE3-44CE91BFB263}.AppStore|x86.Deploy.0 = Release|Any CPU
		{ACDD75CF-DABE-4DA5-AFE3-44CE91BFB263}.Debug|Any CPU.ActiveCfg = Debug|Any CPU
		{ACDD75CF-DABE-4DA5-AFE3-44CE91BFB263}.Debug|Any CPU.Build.0 = Debug|Any CPU
		{ACDD75CF-DABE-4DA5-AFE3-44CE91BFB263}.Debug|Any CPU.Deploy.0 = Debug|Any CPU
		{ACDD75CF-DABE-4DA5-AFE3-44CE91BFB263}.Debug|ARM.ActiveCfg = Debug|Any CPU
		{ACDD75CF-DABE-4DA5-AFE3-44CE91BFB263}.Debug|ARM.Build.0 = Debug|Any CPU
		{ACDD75CF-DABE-4DA5-AFE3-44CE91BFB263}.Debug|ARM.Deploy.0 = Debug|Any CPU
		{ACDD75CF-DABE-4DA5-AFE3-44CE91BFB263}.Debug|iPhone.ActiveCfg = Debug|Any CPU
		{ACDD75CF-DABE-4DA5-AFE3-44CE91BFB263}.Debug|iPhone.Build.0 = Debug|Any CPU
		{ACDD75CF-DABE-4DA5-AFE3-44CE91BFB263}.Debug|iPhone.Deploy.0 = Debug|Any CPU
		{ACDD75CF-DABE-4DA5-AFE3-44CE91BFB263}.Debug|iPhoneSimulator.ActiveCfg = Debug|Any CPU
		{ACDD75CF-DABE-4DA5-AFE3-44CE91BFB263}.Debug|iPhoneSimulator.Build.0 = Debug|Any CPU
		{ACDD75CF-DABE-4DA5-AFE3-44CE91BFB263}.Debug|iPhoneSimulator.Deploy.0 = Debug|Any CPU
		{ACDD75CF-DABE-4DA5-AFE3-44CE91BFB263}.Debug|x64.ActiveCfg = Debug|Any CPU
		{ACDD75CF-DABE-4DA5-AFE3-44CE91BFB263}.Debug|x64.Build.0 = Debug|Any CPU
		{ACDD75CF-DABE-4DA5-AFE3-44CE91BFB263}.Debug|x64.Deploy.0 = Debug|Any CPU
		{ACDD75CF-DABE-4DA5-AFE3-44CE91BFB263}.Debug|x86.ActiveCfg = Debug|Any CPU
		{ACDD75CF-DABE-4DA5-AFE3-44CE91BFB263}.Debug|x86.Build.0 = Debug|Any CPU
		{ACDD75CF-DABE-4DA5-AFE3-44CE91BFB263}.Debug|x86.Deploy.0 = Debug|Any CPU
		{ACDD75CF-DABE-4DA5-AFE3-44CE91BFB263}.Release|Any CPU.ActiveCfg = Release|Any CPU
		{ACDD75CF-DABE-4DA5-AFE3-44CE91BFB263}.Release|Any CPU.Build.0 = Release|Any CPU
		{ACDD75CF-DABE-4DA5-AFE3-44CE91BFB263}.Release|Any CPU.Deploy.0 = Release|Any CPU
		{ACDD75CF-DABE-4DA5-AFE3-44CE91BFB263}.Release|ARM.ActiveCfg = Release|Any CPU
		{ACDD75CF-DABE-4DA5-AFE3-44CE91BFB263}.Release|ARM.Build.0 = Release|Any CPU
		{ACDD75CF-DABE-4DA5-AFE3-44CE91BFB263}.Release|ARM.Deploy.0 = Release|Any CPU
		{ACDD75CF-DABE-4DA5-AFE3-44CE91BFB263}.Release|iPhone.ActiveCfg = Release|Any CPU
		{ACDD75CF-DABE-4DA5-AFE3-44CE91BFB263}.Release|iPhone.Build.0 = Release|Any CPU
		{ACDD75CF-DABE-4DA5-AFE3-44CE91BFB263}.Release|iPhone.Deploy.0 = Release|Any CPU
		{ACDD75CF-DABE-4DA5-AFE3-44CE91BFB263}.Release|iPhoneSimulator.ActiveCfg = Release|Any CPU
		{ACDD75CF-DABE-4DA5-AFE3-44CE91BFB263}.Release|iPhoneSimulator.Build.0 = Release|Any CPU
		{ACDD75CF-DABE-4DA5-AFE3-44CE91BFB263}.Release|iPhoneSimulator.Deploy.0 = Release|Any CPU
		{ACDD75CF-DABE-4DA5-AFE3-44CE91BFB263}.Release|x64.ActiveCfg = Release|Any CPU
		{ACDD75CF-DABE-4DA5-AFE3-44CE91BFB263}.Release|x64.Build.0 = Release|Any CPU
		{ACDD75CF-DABE-4DA5-AFE3-44CE91BFB263}.Release|x64.Deploy.0 = Release|Any CPU
		{ACDD75CF-DABE-4DA5-AFE3-44CE91BFB263}.Release|x86.ActiveCfg = Release|Any CPU
		{ACDD75CF-DABE-4DA5-AFE3-44CE91BFB263}.Release|x86.Build.0 = Release|Any CPU
		{ACDD75CF-DABE-4DA5-AFE3-44CE91BFB263}.Release|x86.Deploy.0 = Release|Any CPU
		{FA47C8C6-E6F0-4862-8C50-6BDFC66E655D}.Ad-Hoc|Any CPU.ActiveCfg = Release|Any CPU
		{FA47C8C6-E6F0-4862-8C50-6BDFC66E655D}.Ad-Hoc|Any CPU.Build.0 = Release|Any CPU
		{FA47C8C6-E6F0-4862-8C50-6BDFC66E655D}.Ad-Hoc|ARM.ActiveCfg = Release|Any CPU
		{FA47C8C6-E6F0-4862-8C50-6BDFC66E655D}.Ad-Hoc|ARM.Build.0 = Release|Any CPU
		{FA47C8C6-E6F0-4862-8C50-6BDFC66E655D}.Ad-Hoc|iPhone.ActiveCfg = Release|Any CPU
		{FA47C8C6-E6F0-4862-8C50-6BDFC66E655D}.Ad-Hoc|iPhone.Build.0 = Release|Any CPU
		{FA47C8C6-E6F0-4862-8C50-6BDFC66E655D}.Ad-Hoc|iPhoneSimulator.ActiveCfg = Release|Any CPU
		{FA47C8C6-E6F0-4862-8C50-6BDFC66E655D}.Ad-Hoc|iPhoneSimulator.Build.0 = Release|Any CPU
		{FA47C8C6-E6F0-4862-8C50-6BDFC66E655D}.Ad-Hoc|x64.ActiveCfg = Release|Any CPU
		{FA47C8C6-E6F0-4862-8C50-6BDFC66E655D}.Ad-Hoc|x64.Build.0 = Release|Any CPU
		{FA47C8C6-E6F0-4862-8C50-6BDFC66E655D}.Ad-Hoc|x86.ActiveCfg = Release|Any CPU
		{FA47C8C6-E6F0-4862-8C50-6BDFC66E655D}.Ad-Hoc|x86.Build.0 = Release|Any CPU
		{FA47C8C6-E6F0-4862-8C50-6BDFC66E655D}.AppStore|Any CPU.ActiveCfg = Release|Any CPU
		{FA47C8C6-E6F0-4862-8C50-6BDFC66E655D}.AppStore|Any CPU.Build.0 = Release|Any CPU
		{FA47C8C6-E6F0-4862-8C50-6BDFC66E655D}.AppStore|ARM.ActiveCfg = Release|Any CPU
		{FA47C8C6-E6F0-4862-8C50-6BDFC66E655D}.AppStore|ARM.Build.0 = Release|Any CPU
		{FA47C8C6-E6F0-4862-8C50-6BDFC66E655D}.AppStore|iPhone.ActiveCfg = Release|Any CPU
		{FA47C8C6-E6F0-4862-8C50-6BDFC66E655D}.AppStore|iPhone.Build.0 = Release|Any CPU
		{FA47C8C6-E6F0-4862-8C50-6BDFC66E655D}.AppStore|iPhoneSimulator.ActiveCfg = Release|Any CPU
		{FA47C8C6-E6F0-4862-8C50-6BDFC66E655D}.AppStore|iPhoneSimulator.Build.0 = Release|Any CPU
		{FA47C8C6-E6F0-4862-8C50-6BDFC66E655D}.AppStore|x64.ActiveCfg = Release|Any CPU
		{FA47C8C6-E6F0-4862-8C50-6BDFC66E655D}.AppStore|x64.Build.0 = Release|Any CPU
		{FA47C8C6-E6F0-4862-8C50-6BDFC66E655D}.AppStore|x86.ActiveCfg = Release|Any CPU
		{FA47C8C6-E6F0-4862-8C50-6BDFC66E655D}.AppStore|x86.Build.0 = Release|Any CPU
		{FA47C8C6-E6F0-4862-8C50-6BDFC66E655D}.Debug|Any CPU.ActiveCfg = Debug|Any CPU
		{FA47C8C6-E6F0-4862-8C50-6BDFC66E655D}.Debug|Any CPU.Build.0 = Debug|Any CPU
		{FA47C8C6-E6F0-4862-8C50-6BDFC66E655D}.Debug|ARM.ActiveCfg = Debug|Any CPU
		{FA47C8C6-E6F0-4862-8C50-6BDFC66E655D}.Debug|ARM.Build.0 = Debug|Any CPU
		{FA47C8C6-E6F0-4862-8C50-6BDFC66E655D}.Debug|iPhone.ActiveCfg = Debug|Any CPU
		{FA47C8C6-E6F0-4862-8C50-6BDFC66E655D}.Debug|iPhone.Build.0 = Debug|Any CPU
		{FA47C8C6-E6F0-4862-8C50-6BDFC66E655D}.Debug|iPhoneSimulator.ActiveCfg = Debug|Any CPU
		{FA47C8C6-E6F0-4862-8C50-6BDFC66E655D}.Debug|iPhoneSimulator.Build.0 = Debug|Any CPU
		{FA47C8C6-E6F0-4862-8C50-6BDFC66E655D}.Debug|x64.ActiveCfg = Debug|Any CPU
		{FA47C8C6-E6F0-4862-8C50-6BDFC66E655D}.Debug|x64.Build.0 = Debug|Any CPU
		{FA47C8C6-E6F0-4862-8C50-6BDFC66E655D}.Debug|x86.ActiveCfg = Debug|Any CPU
		{FA47C8C6-E6F0-4862-8C50-6BDFC66E655D}.Debug|x86.Build.0 = Debug|Any CPU
		{FA47C8C6-E6F0-4862-8C50-6BDFC66E655D}.Release|Any CPU.ActiveCfg = Release|Any CPU
		{FA47C8C6-E6F0-4862-8C50-6BDFC66E655D}.Release|Any CPU.Build.0 = Release|Any CPU
		{FA47C8C6-E6F0-4862-8C50-6BDFC66E655D}.Release|ARM.ActiveCfg = Release|Any CPU
		{FA47C8C6-E6F0-4862-8C50-6BDFC66E655D}.Release|ARM.Build.0 = Release|Any CPU
		{FA47C8C6-E6F0-4862-8C50-6BDFC66E655D}.Release|iPhone.ActiveCfg = Release|Any CPU
		{FA47C8C6-E6F0-4862-8C50-6BDFC66E655D}.Release|iPhone.Build.0 = Release|Any CPU
		{FA47C8C6-E6F0-4862-8C50-6BDFC66E655D}.Release|iPhoneSimulator.ActiveCfg = Release|Any CPU
		{FA47C8C6-E6F0-4862-8C50-6BDFC66E655D}.Release|iPhoneSimulator.Build.0 = Release|Any CPU
		{FA47C8C6-E6F0-4862-8C50-6BDFC66E655D}.Release|x64.ActiveCfg = Release|Any CPU
		{FA47C8C6-E6F0-4862-8C50-6BDFC66E655D}.Release|x64.Build.0 = Release|Any CPU
		{FA47C8C6-E6F0-4862-8C50-6BDFC66E655D}.Release|x86.ActiveCfg = Release|Any CPU
		{FA47C8C6-E6F0-4862-8C50-6BDFC66E655D}.Release|x86.Build.0 = Release|Any CPU
		{C60B4CB3-31D2-4ABE-BFDD-7221A1010D47}.Ad-Hoc|Any CPU.ActiveCfg = Release|x86
		{C60B4CB3-31D2-4ABE-BFDD-7221A1010D47}.Ad-Hoc|Any CPU.Build.0 = Release|x86
		{C60B4CB3-31D2-4ABE-BFDD-7221A1010D47}.Ad-Hoc|Any CPU.Deploy.0 = Release|x86
		{C60B4CB3-31D2-4ABE-BFDD-7221A1010D47}.Ad-Hoc|ARM.ActiveCfg = Release|ARM
		{C60B4CB3-31D2-4ABE-BFDD-7221A1010D47}.Ad-Hoc|ARM.Build.0 = Release|ARM
		{C60B4CB3-31D2-4ABE-BFDD-7221A1010D47}.Ad-Hoc|ARM.Deploy.0 = Release|ARM
		{C60B4CB3-31D2-4ABE-BFDD-7221A1010D47}.Ad-Hoc|iPhone.ActiveCfg = Release|x86
		{C60B4CB3-31D2-4ABE-BFDD-7221A1010D47}.Ad-Hoc|iPhone.Build.0 = Release|x86
		{C60B4CB3-31D2-4ABE-BFDD-7221A1010D47}.Ad-Hoc|iPhone.Deploy.0 = Release|x86
		{C60B4CB3-31D2-4ABE-BFDD-7221A1010D47}.Ad-Hoc|iPhoneSimulator.ActiveCfg = Release|x86
		{C60B4CB3-31D2-4ABE-BFDD-7221A1010D47}.Ad-Hoc|iPhoneSimulator.Build.0 = Release|x86
		{C60B4CB3-31D2-4ABE-BFDD-7221A1010D47}.Ad-Hoc|iPhoneSimulator.Deploy.0 = Release|x86
		{C60B4CB3-31D2-4ABE-BFDD-7221A1010D47}.Ad-Hoc|x64.ActiveCfg = Release|x64
		{C60B4CB3-31D2-4ABE-BFDD-7221A1010D47}.Ad-Hoc|x64.Build.0 = Release|x64
		{C60B4CB3-31D2-4ABE-BFDD-7221A1010D47}.Ad-Hoc|x64.Deploy.0 = Release|x64
		{C60B4CB3-31D2-4ABE-BFDD-7221A1010D47}.Ad-Hoc|x86.ActiveCfg = Release|x86
		{C60B4CB3-31D2-4ABE-BFDD-7221A1010D47}.Ad-Hoc|x86.Build.0 = Release|x86
		{C60B4CB3-31D2-4ABE-BFDD-7221A1010D47}.Ad-Hoc|x86.Deploy.0 = Release|x86
		{C60B4CB3-31D2-4ABE-BFDD-7221A1010D47}.AppStore|Any CPU.ActiveCfg = Release|x86
		{C60B4CB3-31D2-4ABE-BFDD-7221A1010D47}.AppStore|Any CPU.Build.0 = Release|x86
		{C60B4CB3-31D2-4ABE-BFDD-7221A1010D47}.AppStore|Any CPU.Deploy.0 = Release|x86
		{C60B4CB3-31D2-4ABE-BFDD-7221A1010D47}.AppStore|ARM.ActiveCfg = Release|ARM
		{C60B4CB3-31D2-4ABE-BFDD-7221A1010D47}.AppStore|ARM.Build.0 = Release|ARM
		{C60B4CB3-31D2-4ABE-BFDD-7221A1010D47}.AppStore|ARM.Deploy.0 = Release|ARM
		{C60B4CB3-31D2-4ABE-BFDD-7221A1010D47}.AppStore|iPhone.ActiveCfg = Release|x86
		{C60B4CB3-31D2-4ABE-BFDD-7221A1010D47}.AppStore|iPhone.Build.0 = Release|x86
		{C60B4CB3-31D2-4ABE-BFDD-7221A1010D47}.AppStore|iPhone.Deploy.0 = Release|x86
		{C60B4CB3-31D2-4ABE-BFDD-7221A1010D47}.AppStore|iPhoneSimulator.ActiveCfg = Release|x86
		{C60B4CB3-31D2-4ABE-BFDD-7221A1010D47}.AppStore|iPhoneSimulator.Build.0 = Release|x86
		{C60B4CB3-31D2-4ABE-BFDD-7221A1010D47}.AppStore|iPhoneSimulator.Deploy.0 = Release|x86
		{C60B4CB3-31D2-4ABE-BFDD-7221A1010D47}.AppStore|x64.ActiveCfg = Release|x64
		{C60B4CB3-31D2-4ABE-BFDD-7221A1010D47}.AppStore|x64.Build.0 = Release|x64
		{C60B4CB3-31D2-4ABE-BFDD-7221A1010D47}.AppStore|x64.Deploy.0 = Release|x64
		{C60B4CB3-31D2-4ABE-BFDD-7221A1010D47}.AppStore|x86.ActiveCfg = Release|x86
		{C60B4CB3-31D2-4ABE-BFDD-7221A1010D47}.AppStore|x86.Build.0 = Release|x86
		{C60B4CB3-31D2-4ABE-BFDD-7221A1010D47}.AppStore|x86.Deploy.0 = Release|x86
		{C60B4CB3-31D2-4ABE-BFDD-7221A1010D47}.Debug|Any CPU.ActiveCfg = Debug|x86
		{C60B4CB3-31D2-4ABE-BFDD-7221A1010D47}.Debug|ARM.ActiveCfg = Debug|ARM
		{C60B4CB3-31D2-4ABE-BFDD-7221A1010D47}.Debug|ARM.Build.0 = Debug|ARM
		{C60B4CB3-31D2-4ABE-BFDD-7221A1010D47}.Debug|ARM.Deploy.0 = Debug|ARM
		{C60B4CB3-31D2-4ABE-BFDD-7221A1010D47}.Debug|iPhone.ActiveCfg = Debug|x86
		{C60B4CB3-31D2-4ABE-BFDD-7221A1010D47}.Debug|iPhoneSimulator.ActiveCfg = Debug|x86
		{C60B4CB3-31D2-4ABE-BFDD-7221A1010D47}.Debug|x64.ActiveCfg = Debug|x64
		{C60B4CB3-31D2-4ABE-BFDD-7221A1010D47}.Debug|x64.Build.0 = Debug|x64
		{C60B4CB3-31D2-4ABE-BFDD-7221A1010D47}.Debug|x64.Deploy.0 = Debug|x64
		{C60B4CB3-31D2-4ABE-BFDD-7221A1010D47}.Debug|x86.ActiveCfg = Debug|x86
		{C60B4CB3-31D2-4ABE-BFDD-7221A1010D47}.Debug|x86.Build.0 = Debug|x86
		{C60B4CB3-31D2-4ABE-BFDD-7221A1010D47}.Debug|x86.Deploy.0 = Debug|x86
		{C60B4CB3-31D2-4ABE-BFDD-7221A1010D47}.Release|Any CPU.ActiveCfg = Release|x86
		{C60B4CB3-31D2-4ABE-BFDD-7221A1010D47}.Release|ARM.ActiveCfg = Release|ARM
		{C60B4CB3-31D2-4ABE-BFDD-7221A1010D47}.Release|ARM.Build.0 = Release|ARM
		{C60B4CB3-31D2-4ABE-BFDD-7221A1010D47}.Release|ARM.Deploy.0 = Release|ARM
		{C60B4CB3-31D2-4ABE-BFDD-7221A1010D47}.Release|iPhone.ActiveCfg = Release|x86
		{C60B4CB3-31D2-4ABE-BFDD-7221A1010D47}.Release|iPhoneSimulator.ActiveCfg = Release|x86
		{C60B4CB3-31D2-4ABE-BFDD-7221A1010D47}.Release|x64.ActiveCfg = Release|x64
		{C60B4CB3-31D2-4ABE-BFDD-7221A1010D47}.Release|x64.Build.0 = Release|x64
		{C60B4CB3-31D2-4ABE-BFDD-7221A1010D47}.Release|x64.Deploy.0 = Release|x64
		{C60B4CB3-31D2-4ABE-BFDD-7221A1010D47}.Release|x86.ActiveCfg = Release|x86
		{C60B4CB3-31D2-4ABE-BFDD-7221A1010D47}.Release|x86.Build.0 = Release|x86
		{C60B4CB3-31D2-4ABE-BFDD-7221A1010D47}.Release|x86.Deploy.0 = Release|x86
		{22E45A54-5DE0-40E6-93DE-81A94FEB9C41}.Ad-Hoc|Any CPU.ActiveCfg = Ad-Hoc|iPhone
		{22E45A54-5DE0-40E6-93DE-81A94FEB9C41}.Ad-Hoc|ARM.ActiveCfg = Ad-Hoc|iPhone
		{22E45A54-5DE0-40E6-93DE-81A94FEB9C41}.Ad-Hoc|iPhone.ActiveCfg = Ad-Hoc|iPhone
		{22E45A54-5DE0-40E6-93DE-81A94FEB9C41}.Ad-Hoc|iPhone.Build.0 = Ad-Hoc|iPhone
		{22E45A54-5DE0-40E6-93DE-81A94FEB9C41}.Ad-Hoc|iPhoneSimulator.ActiveCfg = Ad-Hoc|iPhoneSimulator
		{22E45A54-5DE0-40E6-93DE-81A94FEB9C41}.Ad-Hoc|iPhoneSimulator.Build.0 = Ad-Hoc|iPhoneSimulator
		{22E45A54-5DE0-40E6-93DE-81A94FEB9C41}.Ad-Hoc|x64.ActiveCfg = Ad-Hoc|iPhone
		{22E45A54-5DE0-40E6-93DE-81A94FEB9C41}.Ad-Hoc|x86.ActiveCfg = Ad-Hoc|iPhone
		{22E45A54-5DE0-40E6-93DE-81A94FEB9C41}.AppStore|Any CPU.ActiveCfg = AppStore|iPhone
		{22E45A54-5DE0-40E6-93DE-81A94FEB9C41}.AppStore|ARM.ActiveCfg = AppStore|iPhone
		{22E45A54-5DE0-40E6-93DE-81A94FEB9C41}.AppStore|iPhone.ActiveCfg = AppStore|iPhone
		{22E45A54-5DE0-40E6-93DE-81A94FEB9C41}.AppStore|iPhone.Build.0 = AppStore|iPhone
		{22E45A54-5DE0-40E6-93DE-81A94FEB9C41}.AppStore|iPhoneSimulator.ActiveCfg = AppStore|iPhoneSimulator
		{22E45A54-5DE0-40E6-93DE-81A94FEB9C41}.AppStore|iPhoneSimulator.Build.0 = AppStore|iPhoneSimulator
		{22E45A54-5DE0-40E6-93DE-81A94FEB9C41}.AppStore|x64.ActiveCfg = AppStore|iPhone
		{22E45A54-5DE0-40E6-93DE-81A94FEB9C41}.AppStore|x86.ActiveCfg = AppStore|iPhone
		{22E45A54-5DE0-40E6-93DE-81A94FEB9C41}.Debug|Any CPU.ActiveCfg = Debug|iPhone
		{22E45A54-5DE0-40E6-93DE-81A94FEB9C41}.Debug|ARM.ActiveCfg = Debug|iPhone
		{22E45A54-5DE0-40E6-93DE-81A94FEB9C41}.Debug|iPhone.ActiveCfg = Debug|iPhone
		{22E45A54-5DE0-40E6-93DE-81A94FEB9C41}.Debug|iPhone.Build.0 = Debug|iPhone
		{22E45A54-5DE0-40E6-93DE-81A94FEB9C41}.Debug|iPhoneSimulator.ActiveCfg = Debug|iPhoneSimulator
		{22E45A54-5DE0-40E6-93DE-81A94FEB9C41}.Debug|iPhoneSimulator.Build.0 = Debug|iPhoneSimulator
		{22E45A54-5DE0-40E6-93DE-81A94FEB9C41}.Debug|x64.ActiveCfg = Debug|iPhone
		{22E45A54-5DE0-40E6-93DE-81A94FEB9C41}.Debug|x86.ActiveCfg = Debug|iPhone
		{22E45A54-5DE0-40E6-93DE-81A94FEB9C41}.Release|Any CPU.ActiveCfg = Release|iPhone
		{22E45A54-5DE0-40E6-93DE-81A94FEB9C41}.Release|ARM.ActiveCfg = Release|iPhone
		{22E45A54-5DE0-40E6-93DE-81A94FEB9C41}.Release|iPhone.ActiveCfg = Release|iPhone
		{22E45A54-5DE0-40E6-93DE-81A94FEB9C41}.Release|iPhone.Build.0 = Release|iPhone
		{22E45A54-5DE0-40E6-93DE-81A94FEB9C41}.Release|iPhoneSimulator.ActiveCfg = Release|iPhoneSimulator
		{22E45A54-5DE0-40E6-93DE-81A94FEB9C41}.Release|iPhoneSimulator.Build.0 = Release|iPhoneSimulator
		{22E45A54-5DE0-40E6-93DE-81A94FEB9C41}.Release|x64.ActiveCfg = Release|iPhone
		{22E45A54-5DE0-40E6-93DE-81A94FEB9C41}.Release|x86.ActiveCfg = Release|iPhone
	EndGlobalSection
	GlobalSection(SolutionProperties) = preSolution
		HideSolutionNode = FALSE
	EndGlobalSection
	GlobalSection(ExtensibilityGlobals) = postSolution
		SolutionGuid = {5C7FDB4D-46C3-4EED-814F-90675216FB53}
	EndGlobalSection
EndGlobal
